
Microsoft Visual Studio Solution File, Format Version 12.00
# Visual Studio Version 16
VisualStudioVersion = 16.0.32602.291
MinimumVisualStudioVersion = 10.0.40219.1
Project("{FAE04EC0-301F-11D3-BF4B-00C04F79EFBC}") = "ControlApp", "ControlApp\ControlApp.csproj", "{2F3A5CF2-60CA-4589-B1AE-ECC0B1A4D7B8}"
EndProject
Global
	GlobalSection(SolutionConfigurationPlatforms) = preSolution
		Debug|Any CPU = Debug|Any CPU
		Debug|x64 = Debug|x64
		Release|Any CPU = Release|Any CPU
		Release|x64 = Release|x64
	EndGlobalSection
	GlobalSection(ProjectConfigurationPlatforms) = postSolution
		{2F3A5CF2-60CA-4589-B1AE-ECC0B1A4D7B8}.Debug|Any CPU.ActiveCfg = Debug|Any CPU
		{2F3A5CF2-60CA-4589-B1AE-ECC0B1A4D7B8}.Debug|Any CPU.Build.0 = Debug|Any CPU
		{2F3A5CF2-60CA-4589-B1AE-ECC0B1A4D7B8}.Debug|x64.ActiveCfg = Debug|Any CPU
		{2F3A5CF2-60CA-4589-B1AE-ECC0B1A4D7B8}.Debug|x64.Build.0 = Debug|Any CPU
		{2F3A5CF2-60CA-4589-B1AE-ECC0B1A4D7B8}.Release|Any CPU.ActiveCfg = Release|Any CPU
		{2F3A5CF2-60CA-4589-B1AE-ECC0B1A4D7B8}.Release|Any CPU.Build.0 = Release|Any CPU
		{2F3A5CF2-60CA-4589-B1AE-ECC0B1A4D7B8}.Release|x64.ActiveCfg = Release|Any CPU
		{2F3A5CF2-60CA-4589-B1AE-ECC0B1A4D7B8}.Release|x64.Build.0 = Release|Any CPU
	EndGlobalSection
	GlobalSection(SolutionProperties) = preSolution
		HideSolutionNode = FALSE
	EndGlobalSection
	GlobalSection(ExtensibilityGlobals) = postSolution
		SolutionGuid = {51D938B6-6A02-45C4-A1CB-FB3D609476CA}
	EndGlobalSection
EndGlobal
